
Microsoft Visual Studio Solution File, Format Version 12.00
# Visual Studio Version 17
VisualStudioVersion = 17.3.32929.385
MinimumVisualStudioVersion = 10.0.40219.1
Project("{2150E333-8FDC-42A3-9474-1A3956D46DE8}") = "src", "src", "{DABAB838-F3F4-481E-A732-8D38D2EE994D}"
EndProject
Project("{2150E333-8FDC-42A3-9474-1A3956D46DE8}") = "Services", "Services", "{C8D10F29-1EAA-4B84-B83C-F88098D80EBD}"
EndProject
Project("{2150E333-8FDC-42A3-9474-1A3956D46DE8}") = "product", "product", "{3342F37B-C88C-4651-A2B6-DC843923BC36}"
EndProject
Project("{FAE04EC0-301F-11D3-BF4B-00C04F79EFBC}") = "product.WebApi", "src\Services\product\product.WebApi\product.WebApi.csproj", "{16C7503D-9396-4400-86B6-D810B509D30D}"
EndProject
Project("{FAE04EC0-301F-11D3-BF4B-00C04F79EFBC}") = "product.Domain", "src\Services\product\product.Domain\product.Domain.csproj", "{3D9DC9C6-4E7E-40A7-99B9-DE4C349190C3}"
EndProject
Project("{FAE04EC0-301F-11D3-BF4B-00C04F79EFBC}") = "product.Application", "src\Services\product\product.Application\product.Application.csproj", "{315E0211-5507-4289-9EBE-79FE11853D75}"
EndProject
Project("{FAE04EC0-301F-11D3-BF4B-00C04F79EFBC}") = "product.Infrastructure", "src\Services\product\product.Infrastructure\product.Infrastructure.csproj", "{10A9F963-3C6A-4ECB-817D-6BA17B69F507}"
EndProject
Project("{FAE04EC0-301F-11D3-BF4B-00C04F79EFBC}") = "product.Service", "src\Services\product\product.Service\product.Service.csproj", "{9BA644A6-5546-41BF-A2AF-68DF535DA36B}"
EndProject
Project("{FAE04EC0-301F-11D3-BF4B-00C04F79EFBC}") = "product.DataManager", "src\Services\product\product.DataManager\product.DataManager.csproj", "{2E9DC97B-5955-44ED-BE9D-EF0C74A1E1D3}"
EndProject
Project("{2150E333-8FDC-42A3-9474-1A3956D46DE8}") = "Logging", "Logging", "{360EEEDD-D827-4811-859F-384AB3C7EA98}"
EndProject
Project("{FAE04EC0-301F-11D3-BF4B-00C04F79EFBC}") = "LoggerService", "src\Logging\LoggerService\LoggerService.csproj", "{D1F74335-E90E-4CD7-8593-D89DE305D661}"
EndProject
Project("{2150E333-8FDC-42A3-9474-1A3956D46DE8}") = "UI", "UI", "{1D637891-92CB-4293-918F-CD03D1A825CA}"
EndProject
Project("{FAE04EC0-301F-11D3-BF4B-00C04F79EFBC}") = "eCommerce.WebApp", "src\UI\eCommerce.WebApp\eCommerce.WebApp.csproj", "{F2221139-04A4-49A9-B265-8451A9DFC056}"
EndProject
Global
	GlobalSection(SolutionConfigurationPlatforms) = preSolution
		Debug|Any CPU = Debug|Any CPU
		Release|Any CPU = Release|Any CPU
	EndGlobalSection
	GlobalSection(ProjectConfigurationPlatforms) = postSolution
		{16C7503D-9396-4400-86B6-D810B509D30D}.Debug|Any CPU.ActiveCfg = Debug|Any CPU
		{16C7503D-9396-4400-86B6-D810B509D30D}.Debug|Any CPU.Build.0 = Debug|Any CPU
		{16C7503D-9396-4400-86B6-D810B509D30D}.Release|Any CPU.ActiveCfg = Release|Any CPU
		{16C7503D-9396-4400-86B6-D810B509D30D}.Release|Any CPU.Build.0 = Release|Any CPU
		{3D9DC9C6-4E7E-40A7-99B9-DE4C349190C3}.Debug|Any CPU.ActiveCfg = Debug|Any CPU
		{3D9DC9C6-4E7E-40A7-99B9-DE4C349190C3}.Debug|Any CPU.Build.0 = Debug|Any CPU
		{3D9DC9C6-4E7E-40A7-99B9-DE4C349190C3}.Release|Any CPU.ActiveCfg = Release|Any CPU
		{3D9DC9C6-4E7E-40A7-99B9-DE4C349190C3}.Release|Any CPU.Build.0 = Release|Any CPU
		{315E0211-5507-4289-9EBE-79FE11853D75}.Debug|Any CPU.ActiveCfg = Debug|Any CPU
		{315E0211-5507-4289-9EBE-79FE11853D75}.Debug|Any CPU.Build.0 = Debug|Any CPU
		{315E0211-5507-4289-9EBE-79FE11853D75}.Release|Any CPU.ActiveCfg = Release|Any CPU
		{315E0211-5507-4289-9EBE-79FE11853D75}.Release|Any CPU.Build.0 = Release|Any CPU
		{10A9F963-3C6A-4ECB-817D-6BA17B69F507}.Debug|Any CPU.ActiveCfg = Debug|Any CPU
		{10A9F963-3C6A-4ECB-817D-6BA17B69F507}.Debug|Any CPU.Build.0 = Debug|Any CPU
		{10A9F963-3C6A-4ECB-817D-6BA17B69F507}.Release|Any CPU.ActiveCfg = Release|Any CPU
		{10A9F963-3C6A-4ECB-817D-6BA17B69F507}.Release|Any CPU.Build.0 = Release|Any CPU
		{9BA644A6-5546-41BF-A2AF-68DF535DA36B}.Debug|Any CPU.ActiveCfg = Debug|Any CPU
		{9BA644A6-5546-41BF-A2AF-68DF535DA36B}.Debug|Any CPU.Build.0 = Debug|Any CPU
		{9BA644A6-5546-41BF-A2AF-68DF535DA36B}.Release|Any CPU.ActiveCfg = Release|Any CPU
		{9BA644A6-5546-41BF-A2AF-68DF535DA36B}.Release|Any CPU.Build.0 = Release|Any CPU
		{2E9DC97B-5955-44ED-BE9D-EF0C74A1E1D3}.Debug|Any CPU.ActiveCfg = Debug|Any CPU
		{2E9DC97B-5955-44ED-BE9D-EF0C74A1E1D3}.Debug|Any CPU.Build.0 = Debug|Any CPU
		{2E9DC97B-5955-44ED-BE9D-EF0C74A1E1D3}.Release|Any CPU.ActiveCfg = Release|Any CPU
		{2E9DC97B-5955-44ED-BE9D-EF0C74A1E1D3}.Release|Any CPU.Build.0 = Release|Any CPU
		{D1F74335-E90E-4CD7-8593-D89DE305D661}.Debug|Any CPU.ActiveCfg = Debug|Any CPU
		{D1F74335-E90E-4CD7-8593-D89DE305D661}.Debug|Any CPU.Build.0 = Debug|Any CPU
		{D1F74335-E90E-4CD7-8593-D89DE305D661}.Release|Any CPU.ActiveCfg = Release|Any CPU
		{D1F74335-E90E-4CD7-8593-D89DE305D661}.Release|Any CPU.Build.0 = Release|Any CPU
		{F2221139-04A4-49A9-B265-8451A9DFC056}.Debug|Any CPU.ActiveCfg = Debug|Any CPU
		{F2221139-04A4-49A9-B265-8451A9DFC056}.Debug|Any CPU.Build.0 = Debug|Any CPU
		{F2221139-04A4-49A9-B265-8451A9DFC056}.Release|Any CPU.ActiveCfg = Release|Any CPU
		{F2221139-04A4-49A9-B265-8451A9DFC056}.Release|Any CPU.Build.0 = Release|Any CPU
	EndGlobalSection
	GlobalSection(SolutionProperties) = preSolution
		HideSolutionNode = FALSE
	EndGlobalSection
	GlobalSection(NestedProjects) = preSolution
		{C8D10F29-1EAA-4B84-B83C-F88098D80EBD} = {DABAB838-F3F4-481E-A732-8D38D2EE994D}
		{3342F37B-C88C-4651-A2B6-DC843923BC36} = {C8D10F29-1EAA-4B84-B83C-F88098D80EBD}
		{16C7503D-9396-4400-86B6-D810B509D30D} = {3342F37B-C88C-4651-A2B6-DC843923BC36}
		{3D9DC9C6-4E7E-40A7-99B9-DE4C349190C3} = {3342F37B-C88C-4651-A2B6-DC843923BC36}
		{315E0211-5507-4289-9EBE-79FE11853D75} = {3342F37B-C88C-4651-A2B6-DC843923BC36}
		{10A9F963-3C6A-4ECB-817D-6BA17B69F507} = {3342F37B-C88C-4651-A2B6-DC843923BC36}
		{9BA644A6-5546-41BF-A2AF-68DF535DA36B} = {3342F37B-C88C-4651-A2B6-DC843923BC36}
		{2E9DC97B-5955-44ED-BE9D-EF0C74A1E1D3} = {3342F37B-C88C-4651-A2B6-DC843923BC36}
		{360EEEDD-D827-4811-859F-384AB3C7EA98} = {DABAB838-F3F4-481E-A732-8D38D2EE994D}
		{D1F74335-E90E-4CD7-8593-D89DE305D661} = {360EEEDD-D827-4811-859F-384AB3C7EA98}
		{1D637891-92CB-4293-918F-CD03D1A825CA} = {DABAB838-F3F4-481E-A732-8D38D2EE994D}
		{F2221139-04A4-49A9-B265-8451A9DFC056} = {1D637891-92CB-4293-918F-CD03D1A825CA}
	EndGlobalSection
	GlobalSection(ExtensibilityGlobals) = postSolution
		SolutionGuid = {EB70EBC8-CAC4-426C-9133-752A67B38753}
	EndGlobalSection
EndGlobal
